
Microsoft Visual Studio Solution File, Format Version 12.00
# Visual Studio Version 17
VisualStudioVersion = 17.8.34330.188
MinimumVisualStudioVersion = 10.0.40219.1
Project("{FAE04EC0-301F-11D3-BF4B-00C04F79EFBC}") = "DmService", "DmService\DmService.csproj", "{CF2CA83C-0098-44C3-86C7-402D55E66117}"
EndProject
Global
	GlobalSection(SolutionConfigurationPlatforms) = preSolution
		Debug|Any CPU = Debug|Any CPU
		Release|Any CPU = Release|Any CPU
	EndGlobalSection
	GlobalSection(ProjectConfigurationPlatforms) = postSolution
		{CF2CA83C-0098-44C3-86C7-402D55E66117}.Debug|Any CPU.ActiveCfg = Debug|Any CPU
		{CF2CA83C-0098-44C3-86C7-402D55E66117}.Debug|Any CPU.Build.0 = Debug|Any CPU
		{CF2CA83C-0098-44C3-86C7-402D55E66117}.Release|Any CPU.ActiveCfg = Release|Any CPU
		{CF2CA83C-0098-44C3-86C7-402D55E66117}.Release|Any CPU.Build.0 = Release|Any CPU
	EndGlobalSection
	GlobalSection(SolutionProperties) = preSolution
		HideSolutionNode = FALSE
	EndGlobalSection
	GlobalSection(ExtensibilityGlobals) = postSolution
		SolutionGuid = {B1C6D8BC-078F-4DB0-945E-A9E1626F02E5}
	EndGlobalSection
EndGlobal
